{
  "object": {
    "pins": [
      {
        "package": "LuckyCart",
        "repositoryURL": "git@github.com:lucky-cart/lucky-cart-ios.git",
        "state": {
          "branch": "master",
          "revision": "24c6627711b5416dff2bfdcf81769bf1d846af8c",
          "version": null
        }
      }
    ]
  },
  "version": 1
}
