{
  "object": {
    "pins": [
      {
        "package": "LuckyCart",
        "repositoryURL": "git@github.com:lucky-cart/lucky-cart-ios.git",
        "state": {
          "branch": "master",
          "revision": "2dfecefe4a462bf36933e6ca355da5603a34ee2c",
          "version": null
        }
      }
    ]
  },
  "version": 1
}
