// !$*UTF8*$!
{
	archiveVersion = 1;
	classes = {
	};
	objectVersion = 55;
	objects = {

/* Begin PBXBuildFile section */
		BC5BDBF72795E82300BAC3FE /* LuckyShop+LuckyCart.swift in Sources */ = {isa = PBXBuildFile; fileRef = BC5BDBF62795E82300BAC3FE /* LuckyShop+LuckyCart.swift */; };
		BC5BDBF82795E82300BAC3FE /* LuckyShop+LuckyCart.swift in Sources */ = {isa = PBXBuildFile; fileRef = BC5BDBF62795E82300BAC3FE /* LuckyShop+LuckyCart.swift */; };
		BC5BDC0F2796E90F00BAC3FE /* luckyCartGame.png in Resources */ = {isa = PBXBuildFile; fileRef = BC5BDC0D2796E90F00BAC3FE /* luckyCartGame.png */; };
		BC5BDC102796E90F00BAC3FE /* luckyCartGame.png in Resources */ = {isa = PBXBuildFile; fileRef = BC5BDC0D2796E90F00BAC3FE /* luckyCartGame.png */; };
		BC5BDC112796E90F00BAC3FE /* luckyCartBanner.png in Resources */ = {isa = PBXBuildFile; fileRef = BC5BDC0E2796E90F00BAC3FE /* luckyCartBanner.png */; };
		BC5BDC122796E90F00BAC3FE /* luckyCartBanner.png in Resources */ = {isa = PBXBuildFile; fileRef = BC5BDC0E2796E90F00BAC3FE /* luckyCartBanner.png */; };
		BCC1EE20279AF060003AB2EA /* LogInOutButton.swift in Sources */ = {isa = PBXBuildFile; fileRef = BCC1EE1F279AF060003AB2EA /* LogInOutButton.swift */; };
		BCC1EE21279AF060003AB2EA /* LogInOutButton.swift in Sources */ = {isa = PBXBuildFile; fileRef = BCC1EE1F279AF060003AB2EA /* LogInOutButton.swift */; };
		BCC5A43F279430F400407C8D /* Tests_iOS.swift in Sources */ = {isa = PBXBuildFile; fileRef = BCC5A43E279430F400407C8D /* Tests_iOS.swift */; };
		BCC5A441279430F400407C8D /* Tests_iOSLaunchTests.swift in Sources */ = {isa = PBXBuildFile; fileRef = BCC5A440279430F400407C8D /* Tests_iOSLaunchTests.swift */; };
		BCC5A44B279430F400407C8D /* Tests_macOS.swift in Sources */ = {isa = PBXBuildFile; fileRef = BCC5A44A279430F400407C8D /* Tests_macOS.swift */; };
		BCC5A44D279430F400407C8D /* Tests_macOSLaunchTests.swift in Sources */ = {isa = PBXBuildFile; fileRef = BCC5A44C279430F400407C8D /* Tests_macOSLaunchTests.swift */; };
		BCC5A44E279430F400407C8D /* LuckyShopApp.swift in Sources */ = {isa = PBXBuildFile; fileRef = BCC5A426279430F300407C8D /* LuckyShopApp.swift */; };
		BCC5A44F279430F400407C8D /* LuckyShopApp.swift in Sources */ = {isa = PBXBuildFile; fileRef = BCC5A426279430F300407C8D /* LuckyShopApp.swift */; };
		BCC5A450279430F400407C8D /* ShopView.swift in Sources */ = {isa = PBXBuildFile; fileRef = BCC5A427279430F300407C8D /* ShopView.swift */; };
		BCC5A451279430F400407C8D /* ShopView.swift in Sources */ = {isa = PBXBuildFile; fileRef = BCC5A427279430F300407C8D /* ShopView.swift */; };
		BCC5A452279430F400407C8D /* Assets.xcassets in Resources */ = {isa = PBXBuildFile; fileRef = BCC5A428279430F400407C8D /* Assets.xcassets */; };
		BCC5A453279430F400407C8D /* Assets.xcassets in Resources */ = {isa = PBXBuildFile; fileRef = BCC5A428279430F400407C8D /* Assets.xcassets */; };
		BCC5A4632794311700407C8D /* LuckyShop.swift in Sources */ = {isa = PBXBuildFile; fileRef = BCC5A4622794311700407C8D /* LuckyShop.swift */; };
		BCC5A4642794311700407C8D /* LuckyShop.swift in Sources */ = {isa = PBXBuildFile; fileRef = BCC5A4622794311700407C8D /* LuckyShop.swift */; };
		BCC5A4662794345000407C8D /* LuckyShop+Catalog.swift in Sources */ = {isa = PBXBuildFile; fileRef = BCC5A4652794345000407C8D /* LuckyShop+Catalog.swift */; };
		BCC5A4672794345000407C8D /* LuckyShop+Catalog.swift in Sources */ = {isa = PBXBuildFile; fileRef = BCC5A4652794345000407C8D /* LuckyShop+Catalog.swift */; };
		BCC5A46C2794417D00407C8D /* ShoppingView.swift in Sources */ = {isa = PBXBuildFile; fileRef = BCC5A46B2794417D00407C8D /* ShoppingView.swift */; };
		BCC5A46D2794417D00407C8D /* ShoppingView.swift in Sources */ = {isa = PBXBuildFile; fileRef = BCC5A46B2794417D00407C8D /* ShoppingView.swift */; };
		BCC5A46F2794418C00407C8D /* CartView.swift in Sources */ = {isa = PBXBuildFile; fileRef = BCC5A46E2794418C00407C8D /* CartView.swift */; };
		BCC5A4702794418C00407C8D /* CartView.swift in Sources */ = {isa = PBXBuildFile; fileRef = BCC5A46E2794418C00407C8D /* CartView.swift */; };
		BCC5A472279441C900407C8D /* CategoryView.swift in Sources */ = {isa = PBXBuildFile; fileRef = BCC5A471279441C900407C8D /* CategoryView.swift */; };
		BCC5A473279441C900407C8D /* CategoryView.swift in Sources */ = {isa = PBXBuildFile; fileRef = BCC5A471279441C900407C8D /* CategoryView.swift */; };
		BCC5A47D2794507A00407C8D /* fruits.jpg in Resources */ = {isa = PBXBuildFile; fileRef = BCC5A4752794507A00407C8D /* fruits.jpg */; };
		BCC5A47E2794507A00407C8D /* fruits.jpg in Resources */ = {isa = PBXBuildFile; fileRef = BCC5A4752794507A00407C8D /* fruits.jpg */; };
		BCC5A47F2794507A00407C8D /* coffee.png in Resources */ = {isa = PBXBuildFile; fileRef = BCC5A4762794507A00407C8D /* coffee.png */; };
		BCC5A4802794507A00407C8D /* coffee.png in Resources */ = {isa = PBXBuildFile; fileRef = BCC5A4762794507A00407C8D /* coffee.png */; };
		BCC5A4812794507A00407C8D /* apple.red.png in Resources */ = {isa = PBXBuildFile; fileRef = BCC5A4772794507A00407C8D /* apple.red.png */; };
		BCC5A4822794507A00407C8D /* apple.red.png in Resources */ = {isa = PBXBuildFile; fileRef = BCC5A4772794507A00407C8D /* apple.red.png */; };
		BCC5A4832794507A00407C8D /* bananas.png in Resources */ = {isa = PBXBuildFile; fileRef = BCC5A4782794507A00407C8D /* bananas.png */; };
		BCC5A4842794507A00407C8D /* bananas.png in Resources */ = {isa = PBXBuildFile; fileRef = BCC5A4782794507A00407C8D /* bananas.png */; };
		BCC5A4852794507A00407C8D /* apple.green.png in Resources */ = {isa = PBXBuildFile; fileRef = BCC5A4792794507A00407C8D /* apple.green.png */; };
		BCC5A4862794507A00407C8D /* apple.green.png in Resources */ = {isa = PBXBuildFile; fileRef = BCC5A4792794507A00407C8D /* apple.green.png */; };
		BCC5A4872794507A00407C8D /* coconut.png in Resources */ = {isa = PBXBuildFile; fileRef = BCC5A47A2794507A00407C8D /* coconut.png */; };
		BCC5A4882794507A00407C8D /* coconut.png in Resources */ = {isa = PBXBuildFile; fileRef = BCC5A47A2794507A00407C8D /* coconut.png */; };
		BCC5A4892794507A00407C8D /* coffee2.png in Resources */ = {isa = PBXBuildFile; fileRef = BCC5A47B2794507A00407C8D /* coffee2.png */; };
		BCC5A48A2794507A00407C8D /* coffee2.png in Resources */ = {isa = PBXBuildFile; fileRef = BCC5A47B2794507A00407C8D /* coffee2.png */; };
		BCC5A48B2794507A00407C8D /* coffees.jpg in Resources */ = {isa = PBXBuildFile; fileRef = BCC5A47C2794507A00407C8D /* coffees.jpg */; };
		BCC5A48C2794507A00407C8D /* coffees.jpg in Resources */ = {isa = PBXBuildFile; fileRef = BCC5A47C2794507A00407C8D /* coffees.jpg */; };
		BCC5A48E279470E400407C8D /* empty.png in Resources */ = {isa = PBXBuildFile; fileRef = BCC5A48D279470E400407C8D /* empty.png */; };
		BCC5A48F279470E400407C8D /* empty.png in Resources */ = {isa = PBXBuildFile; fileRef = BCC5A48D279470E400407C8D /* empty.png */; };
		BCC5A4942794773F00407C8D /* ProductView.swift in Sources */ = {isa = PBXBuildFile; fileRef = BCC5A4932794773F00407C8D /* ProductView.swift */; };
		BCC5A4952794773F00407C8D /* ProductView.swift in Sources */ = {isa = PBXBuildFile; fileRef = BCC5A4932794773F00407C8D /* ProductView.swift */; };
		BCC5A4972794B32A00407C8D /* LuckyShop+Model.swift in Sources */ = {isa = PBXBuildFile; fileRef = BCC5A4962794B32A00407C8D /* LuckyShop+Model.swift */; };
		BCC5A4982794B32A00407C8D /* LuckyShop+Model.swift in Sources */ = {isa = PBXBuildFile; fileRef = BCC5A4962794B32A00407C8D /* LuckyShop+Model.swift */; };
		BCC5A49D2794BF5600407C8D /* CategoryBrowser.swift in Sources */ = {isa = PBXBuildFile; fileRef = BCC5A49C2794BF5600407C8D /* CategoryBrowser.swift */; };
		BCC5A49E2794BF5600407C8D /* CategoryBrowser.swift in Sources */ = {isa = PBXBuildFile; fileRef = BCC5A49C2794BF5600407C8D /* CategoryBrowser.swift */; };
		BCC5A4A42794F09000407C8D /* CartPaidView.swift in Sources */ = {isa = PBXBuildFile; fileRef = BCC5A4A32794F09000407C8D /* CartPaidView.swift */; };
		BCC5A4A52794F09000407C8D /* CartPaidView.swift in Sources */ = {isa = PBXBuildFile; fileRef = BCC5A4A32794F09000407C8D /* CartPaidView.swift */; };
		BCC5A4A72794F96A00407C8D /* ActionsView.swift in Sources */ = {isa = PBXBuildFile; fileRef = BCC5A4A62794F96A00407C8D /* ActionsView.swift */; };
		BCC5A4A82794F96A00407C8D /* ActionsView.swift in Sources */ = {isa = PBXBuildFile; fileRef = BCC5A4A62794F96A00407C8D /* ActionsView.swift */; };
		BCC5A4AA279507B900407C8D /* HomePageView.swift in Sources */ = {isa = PBXBuildFile; fileRef = BCC5A4A9279507B900407C8D /* HomePageView.swift */; };
		BCC5A4AB279507B900407C8D /* HomePageView.swift in Sources */ = {isa = PBXBuildFile; fileRef = BCC5A4A9279507B900407C8D /* HomePageView.swift */; };
		BCCD68732796F4740053424E /* LuckyCart in Frameworks */ = {isa = PBXBuildFile; productRef = BCCD68722796F4740053424E /* LuckyCart */; };
		BCCD68752796F47F0053424E /* LuckyCart in Frameworks */ = {isa = PBXBuildFile; productRef = BCCD68742796F47F0053424E /* LuckyCart */; };
/* End PBXBuildFile section */

/* Begin PBXContainerItemProxy section */
		BCC5A43B279430F400407C8D /* PBXContainerItemProxy */ = {
			isa = PBXContainerItemProxy;
			containerPortal = BCC5A421279430F300407C8D /* Project object */;
			proxyType = 1;
			remoteGlobalIDString = BCC5A42C279430F400407C8D;
			remoteInfo = "Lucky Shop (iOS)";
		};
		BCC5A447279430F400407C8D /* PBXContainerItemProxy */ = {
			isa = PBXContainerItemProxy;
			containerPortal = BCC5A421279430F300407C8D /* Project object */;
			proxyType = 1;
			remoteGlobalIDString = BCC5A432279430F400407C8D;
			remoteInfo = "Lucky Shop (macOS)";
		};
/* End PBXContainerItemProxy section */

/* Begin PBXFileReference section */
		BC1B4D4A27980BCF00B5F041 /* ClientAppDocumentationHeader.png */ = {isa = PBXFileReference; lastKnownFileType = image.png; path = ClientAppDocumentationHeader.png; sourceTree = "<group>"; };
		BC5BDBF62795E82300BAC3FE /* LuckyShop+LuckyCart.swift */ = {isa = PBXFileReference; lastKnownFileType = sourcecode.swift; path = "LuckyShop+LuckyCart.swift"; sourceTree = "<group>"; };
		BC5BDBF92795F63900BAC3FE /* Lucky-Shop--Info.plist */ = {isa = PBXFileReference; lastKnownFileType = text.plist.xml; path = "Lucky-Shop--Info.plist"; sourceTree = "<group>"; };
		BC5BDC0D2796E90F00BAC3FE /* luckyCartGame.png */ = {isa = PBXFileReference; lastKnownFileType = image.png; path = luckyCartGame.png; sourceTree = "<group>"; };
		BC5BDC0E2796E90F00BAC3FE /* luckyCartBanner.png */ = {isa = PBXFileReference; lastKnownFileType = image.png; path = luckyCartBanner.png; sourceTree = "<group>"; };
		BCC1EE1B279AE821003AB2EA /* lucky-cart-ios */ = {isa = PBXFileReference; lastKnownFileType = folder; name = "lucky-cart-ios"; path = "../lucky-cart-ios"; sourceTree = "<group>"; };
		BCC1EE1F279AF060003AB2EA /* LogInOutButton.swift */ = {isa = PBXFileReference; lastKnownFileType = sourcecode.swift; path = LogInOutButton.swift; sourceTree = "<group>"; };
		BCC5A426279430F300407C8D /* LuckyShopApp.swift */ = {isa = PBXFileReference; lastKnownFileType = sourcecode.swift; path = LuckyShopApp.swift; sourceTree = "<group>"; };
		BCC5A427279430F300407C8D /* ShopView.swift */ = {isa = PBXFileReference; lastKnownFileType = sourcecode.swift; path = ShopView.swift; sourceTree = "<group>"; };
		BCC5A428279430F400407C8D /* Assets.xcassets */ = {isa = PBXFileReference; lastKnownFileType = folder.assetcatalog; path = Assets.xcassets; sourceTree = "<group>"; };
		BCC5A42D279430F400407C8D /* Lucky Shop.app */ = {isa = PBXFileReference; explicitFileType = wrapper.application; includeInIndex = 0; path = "Lucky Shop.app"; sourceTree = BUILT_PRODUCTS_DIR; };
		BCC5A433279430F400407C8D /* Lucky Shop.app */ = {isa = PBXFileReference; explicitFileType = wrapper.application; includeInIndex = 0; path = "Lucky Shop.app"; sourceTree = BUILT_PRODUCTS_DIR; };
		BCC5A435279430F400407C8D /* macOS.entitlements */ = {isa = PBXFileReference; lastKnownFileType = text.plist.entitlements; path = macOS.entitlements; sourceTree = "<group>"; };
		BCC5A43A279430F400407C8D /* Tests iOS.xctest */ = {isa = PBXFileReference; explicitFileType = wrapper.cfbundle; includeInIndex = 0; path = "Tests iOS.xctest"; sourceTree = BUILT_PRODUCTS_DIR; };
		BCC5A43E279430F400407C8D /* Tests_iOS.swift */ = {isa = PBXFileReference; lastKnownFileType = sourcecode.swift; path = Tests_iOS.swift; sourceTree = "<group>"; };
		BCC5A440279430F400407C8D /* Tests_iOSLaunchTests.swift */ = {isa = PBXFileReference; lastKnownFileType = sourcecode.swift; path = Tests_iOSLaunchTests.swift; sourceTree = "<group>"; };
		BCC5A446279430F400407C8D /* Tests macOS.xctest */ = {isa = PBXFileReference; explicitFileType = wrapper.cfbundle; includeInIndex = 0; path = "Tests macOS.xctest"; sourceTree = BUILT_PRODUCTS_DIR; };
		BCC5A44A279430F400407C8D /* Tests_macOS.swift */ = {isa = PBXFileReference; lastKnownFileType = sourcecode.swift; path = Tests_macOS.swift; sourceTree = "<group>"; };
		BCC5A44C279430F400407C8D /* Tests_macOSLaunchTests.swift */ = {isa = PBXFileReference; lastKnownFileType = sourcecode.swift; path = Tests_macOSLaunchTests.swift; sourceTree = "<group>"; };
		BCC5A4622794311700407C8D /* LuckyShop.swift */ = {isa = PBXFileReference; lastKnownFileType = sourcecode.swift; path = LuckyShop.swift; sourceTree = "<group>"; };
		BCC5A4652794345000407C8D /* LuckyShop+Catalog.swift */ = {isa = PBXFileReference; lastKnownFileType = sourcecode.swift; path = "LuckyShop+Catalog.swift"; sourceTree = "<group>"; };
		BCC5A46B2794417D00407C8D /* ShoppingView.swift */ = {isa = PBXFileReference; lastKnownFileType = sourcecode.swift; path = ShoppingView.swift; sourceTree = "<group>"; };
		BCC5A46E2794418C00407C8D /* CartView.swift */ = {isa = PBXFileReference; lastKnownFileType = sourcecode.swift; path = CartView.swift; sourceTree = "<group>"; };
		BCC5A471279441C900407C8D /* CategoryView.swift */ = {isa = PBXFileReference; lastKnownFileType = sourcecode.swift; path = CategoryView.swift; sourceTree = "<group>"; };
		BCC5A4752794507A00407C8D /* fruits.jpg */ = {isa = PBXFileReference; lastKnownFileType = image.jpeg; path = fruits.jpg; sourceTree = "<group>"; };
		BCC5A4762794507A00407C8D /* coffee.png */ = {isa = PBXFileReference; lastKnownFileType = image.png; path = coffee.png; sourceTree = "<group>"; };
		BCC5A4772794507A00407C8D /* apple.red.png */ = {isa = PBXFileReference; lastKnownFileType = image.png; path = apple.red.png; sourceTree = "<group>"; };
		BCC5A4782794507A00407C8D /* bananas.png */ = {isa = PBXFileReference; lastKnownFileType = image.png; path = bananas.png; sourceTree = "<group>"; };
		BCC5A4792794507A00407C8D /* apple.green.png */ = {isa = PBXFileReference; lastKnownFileType = image.png; path = apple.green.png; sourceTree = "<group>"; };
		BCC5A47A2794507A00407C8D /* coconut.png */ = {isa = PBXFileReference; lastKnownFileType = image.png; path = coconut.png; sourceTree = "<group>"; };
		BCC5A47B2794507A00407C8D /* coffee2.png */ = {isa = PBXFileReference; lastKnownFileType = image.png; path = coffee2.png; sourceTree = "<group>"; };
		BCC5A47C2794507A00407C8D /* coffees.jpg */ = {isa = PBXFileReference; lastKnownFileType = image.jpeg; path = coffees.jpg; sourceTree = "<group>"; };
		BCC5A48D279470E400407C8D /* empty.png */ = {isa = PBXFileReference; lastKnownFileType = image.png; path = empty.png; sourceTree = "<group>"; };
		BCC5A4932794773F00407C8D /* ProductView.swift */ = {isa = PBXFileReference; lastKnownFileType = sourcecode.swift; path = ProductView.swift; sourceTree = "<group>"; };
		BCC5A4962794B32A00407C8D /* LuckyShop+Model.swift */ = {isa = PBXFileReference; lastKnownFileType = sourcecode.swift; path = "LuckyShop+Model.swift"; sourceTree = "<group>"; };
		BCC5A49C2794BF5600407C8D /* CategoryBrowser.swift */ = {isa = PBXFileReference; lastKnownFileType = sourcecode.swift; path = CategoryBrowser.swift; sourceTree = "<group>"; };
		BCC5A4A32794F09000407C8D /* CartPaidView.swift */ = {isa = PBXFileReference; lastKnownFileType = sourcecode.swift; path = CartPaidView.swift; sourceTree = "<group>"; };
		BCC5A4A62794F96A00407C8D /* ActionsView.swift */ = {isa = PBXFileReference; lastKnownFileType = sourcecode.swift; path = ActionsView.swift; sourceTree = "<group>"; };
		BCC5A4A9279507B900407C8D /* HomePageView.swift */ = {isa = PBXFileReference; fileEncoding = 4; lastKnownFileType = sourcecode.swift; path = HomePageView.swift; sourceTree = "<group>"; };
		BCC5A4AD27950B4C00407C8D /* README.md */ = {isa = PBXFileReference; lastKnownFileType = net.daringfireball.markdown; path = README.md; sourceTree = "<group>"; };
/* End PBXFileReference section */

/* Begin PBXFrameworksBuildPhase section */
		BCC5A42A279430F400407C8D /* Frameworks */ = {
			isa = PBXFrameworksBuildPhase;
			buildActionMask = 2147483647;
			files = (
				BCCD68752796F47F0053424E /* LuckyCart in Frameworks */,
			);
			runOnlyForDeploymentPostprocessing = 0;
		};
		BCC5A430279430F400407C8D /* Frameworks */ = {
			isa = PBXFrameworksBuildPhase;
			buildActionMask = 2147483647;
			files = (
				BCCD68732796F4740053424E /* LuckyCart in Frameworks */,
			);
			runOnlyForDeploymentPostprocessing = 0;
		};
		BCC5A437279430F400407C8D /* Frameworks */ = {
			isa = PBXFrameworksBuildPhase;
			buildActionMask = 2147483647;
			files = (
			);
			runOnlyForDeploymentPostprocessing = 0;
		};
		BCC5A443279430F400407C8D /* Frameworks */ = {
			isa = PBXFrameworksBuildPhase;
			buildActionMask = 2147483647;
			files = (
			);
			runOnlyForDeploymentPostprocessing = 0;
		};
/* End PBXFrameworksBuildPhase section */

/* Begin PBXGroup section */
		BCC1EE1A279AE821003AB2EA /* Packages */ = {
			isa = PBXGroup;
			children = (
				BCC1EE1B279AE821003AB2EA /* lucky-cart-ios */,
			);
			name = Packages;
			sourceTree = "<group>";
		};
		BCC5A420279430F300407C8D = {
			isa = PBXGroup;
			children = (
				BCC1EE1A279AE821003AB2EA /* Packages */,
				BC5BDBF92795F63900BAC3FE /* Lucky-Shop--Info.plist */,
				BC1B4D4A27980BCF00B5F041 /* ClientAppDocumentationHeader.png */,
				BCC5A4AD27950B4C00407C8D /* README.md */,
				BCC5A425279430F300407C8D /* Shared */,
				BCC5A434279430F400407C8D /* macOS */,
				BCC5A43D279430F400407C8D /* Tests iOS */,
				BCC5A449279430F400407C8D /* Tests macOS */,
				BCC5A42E279430F400407C8D /* Products */,
				BCC5A4902794751100407C8D /* Frameworks */,
			);
			sourceTree = "<group>";
		};
		BCC5A425279430F300407C8D /* Shared */ = {
			isa = PBXGroup;
			children = (
				BCC5A426279430F300407C8D /* LuckyShopApp.swift */,
				BCC5A4622794311700407C8D /* LuckyShop.swift */,
				BC5BDBF62795E82300BAC3FE /* LuckyShop+LuckyCart.swift */,
				BCC5A4962794B32A00407C8D /* LuckyShop+Model.swift */,
				BCC5A4652794345000407C8D /* LuckyShop+Catalog.swift */,
				BCCD68762796F4C80053424E /* LuckyShop Kit */,
				BCC5A49F2794C39000407C8D /* Main Views */,
				BCC5A428279430F400407C8D /* Assets.xcassets */,
				BCC5A4742794507A00407C8D /* Images */,
			);
			path = Shared;
			sourceTree = "<group>";
		};
		BCC5A42E279430F400407C8D /* Products */ = {
			isa = PBXGroup;
			children = (
				BCC5A42D279430F400407C8D /* Lucky Shop.app */,
				BCC5A433279430F400407C8D /* Lucky Shop.app */,
				BCC5A43A279430F400407C8D /* Tests iOS.xctest */,
				BCC5A446279430F400407C8D /* Tests macOS.xctest */,
			);
			name = Products;
			sourceTree = "<group>";
		};
		BCC5A434279430F400407C8D /* macOS */ = {
			isa = PBXGroup;
			children = (
				BCC5A435279430F400407C8D /* macOS.entitlements */,
			);
			path = macOS;
			sourceTree = "<group>";
		};
		BCC5A43D279430F400407C8D /* Tests iOS */ = {
			isa = PBXGroup;
			children = (
				BCC5A43E279430F400407C8D /* Tests_iOS.swift */,
				BCC5A440279430F400407C8D /* Tests_iOSLaunchTests.swift */,
			);
			path = "Tests iOS";
			sourceTree = "<group>";
		};
		BCC5A449279430F400407C8D /* Tests macOS */ = {
			isa = PBXGroup;
			children = (
				BCC5A44A279430F400407C8D /* Tests_macOS.swift */,
				BCC5A44C279430F400407C8D /* Tests_macOSLaunchTests.swift */,
			);
			path = "Tests macOS";
			sourceTree = "<group>";
		};
		BCC5A4742794507A00407C8D /* Images */ = {
			isa = PBXGroup;
			children = (
				BC5BDC0E2796E90F00BAC3FE /* luckyCartBanner.png */,
				BC5BDC0D2796E90F00BAC3FE /* luckyCartGame.png */,
				BCC5A48D279470E400407C8D /* empty.png */,
				BCC5A4752794507A00407C8D /* fruits.jpg */,
				BCC5A4762794507A00407C8D /* coffee.png */,
				BCC5A4772794507A00407C8D /* apple.red.png */,
				BCC5A4782794507A00407C8D /* bananas.png */,
				BCC5A4792794507A00407C8D /* apple.green.png */,
				BCC5A47A2794507A00407C8D /* coconut.png */,
				BCC5A47B2794507A00407C8D /* coffee2.png */,
				BCC5A47C2794507A00407C8D /* coffees.jpg */,
			);
			path = Images;
			sourceTree = SOURCE_ROOT;
		};
		BCC5A4902794751100407C8D /* Frameworks */ = {
			isa = PBXGroup;
			children = (
			);
			name = Frameworks;
			sourceTree = "<group>";
		};
		BCC5A49F2794C39000407C8D /* Main Views */ = {
			isa = PBXGroup;
			children = (
				BCC5A427279430F300407C8D /* ShopView.swift */,
				BCC5A4A9279507B900407C8D /* HomePageView.swift */,
				BCC5A46B2794417D00407C8D /* ShoppingView.swift */,
				BCC5A49C2794BF5600407C8D /* CategoryBrowser.swift */,
				BCC5A46E2794418C00407C8D /* CartView.swift */,
				BCC5A4A32794F09000407C8D /* CartPaidView.swift */,
			);
			path = "Main Views";
			sourceTree = "<group>";
		};
		BCCD68762796F4C80053424E /* LuckyShop Kit */ = {
			isa = PBXGroup;
			children = (
				BCC5A4A62794F96A00407C8D /* ActionsView.swift */,
				BCC5A4932794773F00407C8D /* ProductView.swift */,
				BCC1EE1F279AF060003AB2EA /* LogInOutButton.swift */,
				BCC5A471279441C900407C8D /* CategoryView.swift */,
			);
			path = "LuckyShop Kit";
			sourceTree = "<group>";
		};
/* End PBXGroup section */

/* Begin PBXNativeTarget section */
		BCC5A42C279430F400407C8D /* Lucky Shop (iOS) */ = {
			isa = PBXNativeTarget;
			buildConfigurationList = BCC5A456279430F400407C8D /* Build configuration list for PBXNativeTarget "Lucky Shop (iOS)" */;
			buildPhases = (
				BCC5A429279430F400407C8D /* Sources */,
				BCC5A42A279430F400407C8D /* Frameworks */,
				BCC5A42B279430F400407C8D /* Resources */,
			);
			buildRules = (
			);
			dependencies = (
			);
			name = "Lucky Shop (iOS)";
			packageProductDependencies = (
				BCCD68742796F47F0053424E /* LuckyCart */,
			);
			productName = "Lucky Shop (iOS)";
			productReference = BCC5A42D279430F400407C8D /* Lucky Shop.app */;
			productType = "com.apple.product-type.application";
		};
		BCC5A432279430F400407C8D /* Lucky Shop (macOS) */ = {
			isa = PBXNativeTarget;
			buildConfigurationList = BCC5A459279430F400407C8D /* Build configuration list for PBXNativeTarget "Lucky Shop (macOS)" */;
			buildPhases = (
				BCC5A42F279430F400407C8D /* Sources */,
				BCC5A430279430F400407C8D /* Frameworks */,
				BCC5A431279430F400407C8D /* Resources */,
			);
			buildRules = (
			);
			dependencies = (
			);
			name = "Lucky Shop (macOS)";
			packageProductDependencies = (
				BCCD68722796F4740053424E /* LuckyCart */,
			);
			productName = "Lucky Shop (macOS)";
			productReference = BCC5A433279430F400407C8D /* Lucky Shop.app */;
			productType = "com.apple.product-type.application";
		};
		BCC5A439279430F400407C8D /* Tests iOS */ = {
			isa = PBXNativeTarget;
			buildConfigurationList = BCC5A45C279430F400407C8D /* Build configuration list for PBXNativeTarget "Tests iOS" */;
			buildPhases = (
				BCC5A436279430F400407C8D /* Sources */,
				BCC5A437279430F400407C8D /* Frameworks */,
				BCC5A438279430F400407C8D /* Resources */,
			);
			buildRules = (
			);
			dependencies = (
				BCC5A43C279430F400407C8D /* PBXTargetDependency */,
			);
			name = "Tests iOS";
			productName = "Tests iOS";
			productReference = BCC5A43A279430F400407C8D /* Tests iOS.xctest */;
			productType = "com.apple.product-type.bundle.ui-testing";
		};
		BCC5A445279430F400407C8D /* Tests macOS */ = {
			isa = PBXNativeTarget;
			buildConfigurationList = BCC5A45F279430F400407C8D /* Build configuration list for PBXNativeTarget "Tests macOS" */;
			buildPhases = (
				BCC5A442279430F400407C8D /* Sources */,
				BCC5A443279430F400407C8D /* Frameworks */,
				BCC5A444279430F400407C8D /* Resources */,
			);
			buildRules = (
			);
			dependencies = (
				BCC5A448279430F400407C8D /* PBXTargetDependency */,
			);
			name = "Tests macOS";
			productName = "Tests macOS";
			productReference = BCC5A446279430F400407C8D /* Tests macOS.xctest */;
			productType = "com.apple.product-type.bundle.ui-testing";
		};
/* End PBXNativeTarget section */

/* Begin PBXProject section */
		BCC5A421279430F300407C8D /* Project object */ = {
			isa = PBXProject;
			attributes = {
				BuildIndependentTargetsInParallel = 1;
				LastSwiftUpdateCheck = 1310;
				LastUpgradeCheck = 1310;
				TargetAttributes = {
					BCC5A42C279430F400407C8D = {
						CreatedOnToolsVersion = 13.1;
					};
					BCC5A432279430F400407C8D = {
						CreatedOnToolsVersion = 13.1;
					};
					BCC5A439279430F400407C8D = {
						CreatedOnToolsVersion = 13.1;
						TestTargetID = BCC5A42C279430F400407C8D;
					};
					BCC5A445279430F400407C8D = {
						CreatedOnToolsVersion = 13.1;
						TestTargetID = BCC5A432279430F400407C8D;
					};
				};
			};
			buildConfigurationList = BCC5A424279430F300407C8D /* Build configuration list for PBXProject "Lucky Shop" */;
			compatibilityVersion = "Xcode 13.0";
			developmentRegion = en;
			hasScannedForEncodings = 0;
			knownRegions = (
				en,
				Base,
			);
			mainGroup = BCC5A420279430F300407C8D;
			packageReferences = (
				BCC5A4682794405C00407C8D /* XCRemoteSwiftPackageReference "lucky-cart-ios" */,
			);
			productRefGroup = BCC5A42E279430F400407C8D /* Products */;
			projectDirPath = "";
			projectRoot = "";
			targets = (
				BCC5A42C279430F400407C8D /* Lucky Shop (iOS) */,
				BCC5A432279430F400407C8D /* Lucky Shop (macOS) */,
				BCC5A439279430F400407C8D /* Tests iOS */,
				BCC5A445279430F400407C8D /* Tests macOS */,
			);
		};
/* End PBXProject section */

/* Begin PBXResourcesBuildPhase section */
		BCC5A42B279430F400407C8D /* Resources */ = {
			isa = PBXResourcesBuildPhase;
			buildActionMask = 2147483647;
			files = (
				BCC5A4892794507A00407C8D /* coffee2.png in Resources */,
				BCC5A47D2794507A00407C8D /* fruits.jpg in Resources */,
				BC5BDC112796E90F00BAC3FE /* luckyCartBanner.png in Resources */,
				BCC5A47F2794507A00407C8D /* coffee.png in Resources */,
				BCC5A48B2794507A00407C8D /* coffees.jpg in Resources */,
				BCC5A452279430F400407C8D /* Assets.xcassets in Resources */,
				BC5BDC0F2796E90F00BAC3FE /* luckyCartGame.png in Resources */,
				BCC5A4812794507A00407C8D /* apple.red.png in Resources */,
				BCC5A4832794507A00407C8D /* bananas.png in Resources */,
				BCC5A48E279470E400407C8D /* empty.png in Resources */,
				BCC5A4852794507A00407C8D /* apple.green.png in Resources */,
				BCC5A4872794507A00407C8D /* coconut.png in Resources */,
			);
			runOnlyForDeploymentPostprocessing = 0;
		};
		BCC5A431279430F400407C8D /* Resources */ = {
			isa = PBXResourcesBuildPhase;
			buildActionMask = 2147483647;
			files = (
				BCC5A48A2794507A00407C8D /* coffee2.png in Resources */,
				BCC5A47E2794507A00407C8D /* fruits.jpg in Resources */,
				BC5BDC122796E90F00BAC3FE /* luckyCartBanner.png in Resources */,
				BCC5A4802794507A00407C8D /* coffee.png in Resources */,
				BCC5A48C2794507A00407C8D /* coffees.jpg in Resources */,
				BCC5A453279430F400407C8D /* Assets.xcassets in Resources */,
				BC5BDC102796E90F00BAC3FE /* luckyCartGame.png in Resources */,
				BCC5A4822794507A00407C8D /* apple.red.png in Resources */,
				BCC5A4842794507A00407C8D /* bananas.png in Resources */,
				BCC5A48F279470E400407C8D /* empty.png in Resources */,
				BCC5A4862794507A00407C8D /* apple.green.png in Resources */,
				BCC5A4882794507A00407C8D /* coconut.png in Resources */,
			);
			runOnlyForDeploymentPostprocessing = 0;
		};
		BCC5A438279430F400407C8D /* Resources */ = {
			isa = PBXResourcesBuildPhase;
			buildActionMask = 2147483647;
			files = (
			);
			runOnlyForDeploymentPostprocessing = 0;
		};
		BCC5A444279430F400407C8D /* Resources */ = {
			isa = PBXResourcesBuildPhase;
			buildActionMask = 2147483647;
			files = (
			);
			runOnlyForDeploymentPostprocessing = 0;
		};
/* End PBXResourcesBuildPhase section */

/* Begin PBXSourcesBuildPhase section */
		BCC5A429279430F400407C8D /* Sources */ = {
			isa = PBXSourcesBuildPhase;
			buildActionMask = 2147483647;
			files = (
				BCC5A49D2794BF5600407C8D /* CategoryBrowser.swift in Sources */,
				BCC5A4942794773F00407C8D /* ProductView.swift in Sources */,
				BCC5A46F2794418C00407C8D /* CartView.swift in Sources */,
				BCC5A450279430F400407C8D /* ShopView.swift in Sources */,
				BCC5A44E279430F400407C8D /* LuckyShopApp.swift in Sources */,
				BCC5A4662794345000407C8D /* LuckyShop+Catalog.swift in Sources */,
				BCC1EE20279AF060003AB2EA /* LogInOutButton.swift in Sources */,
				BCC5A472279441C900407C8D /* CategoryView.swift in Sources */,
				BCC5A4A72794F96A00407C8D /* ActionsView.swift in Sources */,
				BCC5A46C2794417D00407C8D /* ShoppingView.swift in Sources */,
				BCC5A4972794B32A00407C8D /* LuckyShop+Model.swift in Sources */,
				BCC5A4A42794F09000407C8D /* CartPaidView.swift in Sources */,
				BCC5A4632794311700407C8D /* LuckyShop.swift in Sources */,
				BC5BDBF72795E82300BAC3FE /* LuckyShop+LuckyCart.swift in Sources */,
				BCC5A4AA279507B900407C8D /* HomePageView.swift in Sources */,
			);
			runOnlyForDeploymentPostprocessing = 0;
		};
		BCC5A42F279430F400407C8D /* Sources */ = {
			isa = PBXSourcesBuildPhase;
			buildActionMask = 2147483647;
			files = (
				BCC5A49E2794BF5600407C8D /* CategoryBrowser.swift in Sources */,
				BCC5A4952794773F00407C8D /* ProductView.swift in Sources */,
				BCC5A4702794418C00407C8D /* CartView.swift in Sources */,
				BCC5A451279430F400407C8D /* ShopView.swift in Sources */,
				BCC5A44F279430F400407C8D /* LuckyShopApp.swift in Sources */,
				BCC5A4672794345000407C8D /* LuckyShop+Catalog.swift in Sources */,
				BCC1EE21279AF060003AB2EA /* LogInOutButton.swift in Sources */,
				BCC5A473279441C900407C8D /* CategoryView.swift in Sources */,
				BCC5A4A82794F96A00407C8D /* ActionsView.swift in Sources */,
				BCC5A46D2794417D00407C8D /* ShoppingView.swift in Sources */,
				BCC5A4982794B32A00407C8D /* LuckyShop+Model.swift in Sources */,
				BCC5A4A52794F09000407C8D /* CartPaidView.swift in Sources */,
				BCC5A4642794311700407C8D /* LuckyShop.swift in Sources */,
				BC5BDBF82795E82300BAC3FE /* LuckyShop+LuckyCart.swift in Sources */,
				BCC5A4AB279507B900407C8D /* HomePageView.swift in Sources */,
			);
			runOnlyForDeploymentPostprocessing = 0;
		};
		BCC5A436279430F400407C8D /* Sources */ = {
			isa = PBXSourcesBuildPhase;
			buildActionMask = 2147483647;
			files = (
				BCC5A441279430F400407C8D /* Tests_iOSLaunchTests.swift in Sources */,
				BCC5A43F279430F400407C8D /* Tests_iOS.swift in Sources */,
			);
			runOnlyForDeploymentPostprocessing = 0;
		};
		BCC5A442279430F400407C8D /* Sources */ = {
			isa = PBXSourcesBuildPhase;
			buildActionMask = 2147483647;
			files = (
				BCC5A44D279430F400407C8D /* Tests_macOSLaunchTests.swift in Sources */,
				BCC5A44B279430F400407C8D /* Tests_macOS.swift in Sources */,
			);
			runOnlyForDeploymentPostprocessing = 0;
		};
/* End PBXSourcesBuildPhase section */

/* Begin PBXTargetDependency section */
		BCC5A43C279430F400407C8D /* PBXTargetDependency */ = {
			isa = PBXTargetDependency;
			target = BCC5A42C279430F400407C8D /* Lucky Shop (iOS) */;
			targetProxy = BCC5A43B279430F400407C8D /* PBXContainerItemProxy */;
		};
		BCC5A448279430F400407C8D /* PBXTargetDependency */ = {
			isa = PBXTargetDependency;
			target = BCC5A432279430F400407C8D /* Lucky Shop (macOS) */;
			targetProxy = BCC5A447279430F400407C8D /* PBXContainerItemProxy */;
		};
/* End PBXTargetDependency section */

/* Begin XCBuildConfiguration section */
		BCC5A454279430F400407C8D /* Debug */ = {
			isa = XCBuildConfiguration;
			buildSettings = {
				ALWAYS_SEARCH_USER_PATHS = NO;
				CLANG_ANALYZER_NONNULL = YES;
				CLANG_ANALYZER_NUMBER_OBJECT_CONVERSION = YES_AGGRESSIVE;
				CLANG_CXX_LANGUAGE_STANDARD = "gnu++17";
				CLANG_CXX_LIBRARY = "libc++";
				CLANG_ENABLE_MODULES = YES;
				CLANG_ENABLE_OBJC_ARC = YES;
				CLANG_ENABLE_OBJC_WEAK = YES;
				CLANG_WARN_BLOCK_CAPTURE_AUTORELEASING = YES;
				CLANG_WARN_BOOL_CONVERSION = YES;
				CLANG_WARN_COMMA = YES;
				CLANG_WARN_CONSTANT_CONVERSION = YES;
				CLANG_WARN_DEPRECATED_OBJC_IMPLEMENTATIONS = YES;
				CLANG_WARN_DIRECT_OBJC_ISA_USAGE = YES_ERROR;
				CLANG_WARN_DOCUMENTATION_COMMENTS = YES;
				CLANG_WARN_EMPTY_BODY = YES;
				CLANG_WARN_ENUM_CONVERSION = YES;
				CLANG_WARN_INFINITE_RECURSION = YES;
				CLANG_WARN_INT_CONVERSION = YES;
				CLANG_WARN_NON_LITERAL_NULL_CONVERSION = YES;
				CLANG_WARN_OBJC_IMPLICIT_RETAIN_SELF = YES;
				CLANG_WARN_OBJC_LITERAL_CONVERSION = YES;
				CLANG_WARN_OBJC_ROOT_CLASS = YES_ERROR;
				CLANG_WARN_QUOTED_INCLUDE_IN_FRAMEWORK_HEADER = YES;
				CLANG_WARN_RANGE_LOOP_ANALYSIS = YES;
				CLANG_WARN_STRICT_PROTOTYPES = YES;
				CLANG_WARN_SUSPICIOUS_MOVE = YES;
				CLANG_WARN_UNGUARDED_AVAILABILITY = YES_AGGRESSIVE;
				CLANG_WARN_UNREACHABLE_CODE = YES;
				CLANG_WARN__DUPLICATE_METHOD_MATCH = YES;
				COPY_PHASE_STRIP = NO;
				DEBUG_INFORMATION_FORMAT = dwarf;
				ENABLE_STRICT_OBJC_MSGSEND = YES;
				ENABLE_TESTABILITY = YES;
				GCC_C_LANGUAGE_STANDARD = gnu11;
				GCC_DYNAMIC_NO_PIC = NO;
				GCC_NO_COMMON_BLOCKS = YES;
				GCC_OPTIMIZATION_LEVEL = 0;
				GCC_PREPROCESSOR_DEFINITIONS = (
					"DEBUG=1",
					"$(inherited)",
				);
				GCC_WARN_64_TO_32_BIT_CONVERSION = YES;
				GCC_WARN_ABOUT_RETURN_TYPE = YES_ERROR;
				GCC_WARN_UNDECLARED_SELECTOR = YES;
				GCC_WARN_UNINITIALIZED_AUTOS = YES_AGGRESSIVE;
				GCC_WARN_UNUSED_FUNCTION = YES;
				GCC_WARN_UNUSED_VARIABLE = YES;
				MTL_ENABLE_DEBUG_INFO = INCLUDE_SOURCE;
				MTL_FAST_MATH = YES;
				ONLY_ACTIVE_ARCH = YES;
				SWIFT_ACTIVE_COMPILATION_CONDITIONS = DEBUG;
				SWIFT_OPTIMIZATION_LEVEL = "-Onone";
			};
			name = Debug;
		};
		BCC5A455279430F400407C8D /* Release */ = {
			isa = XCBuildConfiguration;
			buildSettings = {
				ALWAYS_SEARCH_USER_PATHS = NO;
				CLANG_ANALYZER_NONNULL = YES;
				CLANG_ANALYZER_NUMBER_OBJECT_CONVERSION = YES_AGGRESSIVE;
				CLANG_CXX_LANGUAGE_STANDARD = "gnu++17";
				CLANG_CXX_LIBRARY = "libc++";
				CLANG_ENABLE_MODULES = YES;
				CLANG_ENABLE_OBJC_ARC = YES;
				CLANG_ENABLE_OBJC_WEAK = YES;
				CLANG_WARN_BLOCK_CAPTURE_AUTORELEASING = YES;
				CLANG_WARN_BOOL_CONVERSION = YES;
				CLANG_WARN_COMMA = YES;
				CLANG_WARN_CONSTANT_CONVERSION = YES;
				CLANG_WARN_DEPRECATED_OBJC_IMPLEMENTATIONS = YES;
				CLANG_WARN_DIRECT_OBJC_ISA_USAGE = YES_ERROR;
				CLANG_WARN_DOCUMENTATION_COMMENTS = YES;
				CLANG_WARN_EMPTY_BODY = YES;
				CLANG_WARN_ENUM_CONVERSION = YES;
				CLANG_WARN_INFINITE_RECURSION = YES;
				CLANG_WARN_INT_CONVERSION = YES;
				CLANG_WARN_NON_LITERAL_NULL_CONVERSION = YES;
				CLANG_WARN_OBJC_IMPLICIT_RETAIN_SELF = YES;
				CLANG_WARN_OBJC_LITERAL_CONVERSION = YES;
				CLANG_WARN_OBJC_ROOT_CLASS = YES_ERROR;
				CLANG_WARN_QUOTED_INCLUDE_IN_FRAMEWORK_HEADER = YES;
				CLANG_WARN_RANGE_LOOP_ANALYSIS = YES;
				CLANG_WARN_STRICT_PROTOTYPES = YES;
				CLANG_WARN_SUSPICIOUS_MOVE = YES;
				CLANG_WARN_UNGUARDED_AVAILABILITY = YES_AGGRESSIVE;
				CLANG_WARN_UNREACHABLE_CODE = YES;
				CLANG_WARN__DUPLICATE_METHOD_MATCH = YES;
				COPY_PHASE_STRIP = NO;
				DEBUG_INFORMATION_FORMAT = "dwarf-with-dsym";
				ENABLE_NS_ASSERTIONS = NO;
				ENABLE_STRICT_OBJC_MSGSEND = YES;
				GCC_C_LANGUAGE_STANDARD = gnu11;
				GCC_NO_COMMON_BLOCKS = YES;
				GCC_WARN_64_TO_32_BIT_CONVERSION = YES;
				GCC_WARN_ABOUT_RETURN_TYPE = YES_ERROR;
				GCC_WARN_UNDECLARED_SELECTOR = YES;
				GCC_WARN_UNINITIALIZED_AUTOS = YES_AGGRESSIVE;
				GCC_WARN_UNUSED_FUNCTION = YES;
				GCC_WARN_UNUSED_VARIABLE = YES;
				MTL_ENABLE_DEBUG_INFO = NO;
				MTL_FAST_MATH = YES;
				SWIFT_COMPILATION_MODE = wholemodule;
				SWIFT_OPTIMIZATION_LEVEL = "-O";
			};
			name = Release;
		};
		BCC5A457279430F400407C8D /* Debug */ = {
			isa = XCBuildConfiguration;
			buildSettings = {
				ASSETCATALOG_COMPILER_APPICON_NAME = AppIcon;
				ASSETCATALOG_COMPILER_GLOBAL_ACCENT_COLOR_NAME = AccentColor;
				CODE_SIGN_STYLE = Automatic;
				CURRENT_PROJECT_VERSION = 1;
				DEVELOPMENT_TEAM = VMXFN634RR;
				ENABLE_PREVIEWS = YES;
				GENERATE_INFOPLIST_FILE = YES;
				INFOPLIST_FILE = "Lucky-Shop--Info.plist";
				INFOPLIST_KEY_UIApplicationSceneManifest_Generation = YES;
				INFOPLIST_KEY_UIApplicationSupportsIndirectInputEvents = YES;
				INFOPLIST_KEY_UILaunchScreen_Generation = YES;
				INFOPLIST_KEY_UISupportedInterfaceOrientations_iPad = "UIInterfaceOrientationPortrait UIInterfaceOrientationPortraitUpsideDown UIInterfaceOrientationLandscapeLeft UIInterfaceOrientationLandscapeRight";
				INFOPLIST_KEY_UISupportedInterfaceOrientations_iPhone = "UIInterfaceOrientationPortrait UIInterfaceOrientationLandscapeLeft UIInterfaceOrientationLandscapeRight";
				IPHONEOS_DEPLOYMENT_TARGET = 15.0;
				LD_RUNPATH_SEARCH_PATHS = (
					"$(inherited)",
					"@executable_path/Frameworks",
				);
				MARKETING_VERSION = 1.0;
				PRODUCT_BUNDLE_IDENTIFIER = "com.luckycart.Lucky-Shop";
				PRODUCT_NAME = "Lucky Shop";
				SDKROOT = iphoneos;
				SWIFT_EMIT_LOC_STRINGS = YES;
				SWIFT_VERSION = 5.0;
				TARGETED_DEVICE_FAMILY = "1,2";
			};
			name = Debug;
		};
		BCC5A458279430F400407C8D /* Release */ = {
			isa = XCBuildConfiguration;
			buildSettings = {
				ASSETCATALOG_COMPILER_APPICON_NAME = AppIcon;
				ASSETCATALOG_COMPILER_GLOBAL_ACCENT_COLOR_NAME = AccentColor;
				CODE_SIGN_STYLE = Automatic;
				CURRENT_PROJECT_VERSION = 1;
				DEVELOPMENT_TEAM = VMXFN634RR;
				ENABLE_PREVIEWS = YES;
				GENERATE_INFOPLIST_FILE = YES;
				INFOPLIST_FILE = "Lucky-Shop--Info.plist";
				INFOPLIST_KEY_UIApplicationSceneManifest_Generation = YES;
				INFOPLIST_KEY_UIApplicationSupportsIndirectInputEvents = YES;
				INFOPLIST_KEY_UILaunchScreen_Generation = YES;
				INFOPLIST_KEY_UISupportedInterfaceOrientations_iPad = "UIInterfaceOrientationPortrait UIInterfaceOrientationPortraitUpsideDown UIInterfaceOrientationLandscapeLeft UIInterfaceOrientationLandscapeRight";
				INFOPLIST_KEY_UISupportedInterfaceOrientations_iPhone = "UIInterfaceOrientationPortrait UIInterfaceOrientationLandscapeLeft UIInterfaceOrientationLandscapeRight";
				IPHONEOS_DEPLOYMENT_TARGET = 15.0;
				LD_RUNPATH_SEARCH_PATHS = (
					"$(inherited)",
					"@executable_path/Frameworks",
				);
				MARKETING_VERSION = 1.0;
				PRODUCT_BUNDLE_IDENTIFIER = "com.luckycart.Lucky-Shop";
				PRODUCT_NAME = "Lucky Shop";
				SDKROOT = iphoneos;
				SWIFT_EMIT_LOC_STRINGS = YES;
				SWIFT_VERSION = 5.0;
				TARGETED_DEVICE_FAMILY = "1,2";
				VALIDATE_PRODUCT = YES;
			};
			name = Release;
		};
		BCC5A45A279430F400407C8D /* Debug */ = {
			isa = XCBuildConfiguration;
			buildSettings = {
				ASSETCATALOG_COMPILER_APPICON_NAME = AppIcon;
				ASSETCATALOG_COMPILER_GLOBAL_ACCENT_COLOR_NAME = AccentColor;
				CODE_SIGN_ENTITLEMENTS = macOS/macOS.entitlements;
				CODE_SIGN_STYLE = Automatic;
				COMBINE_HIDPI_IMAGES = YES;
				CURRENT_PROJECT_VERSION = 1;
				DEVELOPMENT_TEAM = VMXFN634RR;
				ENABLE_HARDENED_RUNTIME = YES;
				ENABLE_PREVIEWS = YES;
				GENERATE_INFOPLIST_FILE = YES;
				INFOPLIST_FILE = "Lucky-Shop--Info.plist";
				INFOPLIST_KEY_NSHumanReadableCopyright = "";
				LD_RUNPATH_SEARCH_PATHS = (
					"$(inherited)",
					"@executable_path/../Frameworks",
				);
				MACOSX_DEPLOYMENT_TARGET = 12.0;
				MARKETING_VERSION = 1.0;
				PRODUCT_BUNDLE_IDENTIFIER = "com.luckycart.Lucky-Shop";
				PRODUCT_NAME = "Lucky Shop";
				SDKROOT = macosx;
				SWIFT_EMIT_LOC_STRINGS = YES;
				SWIFT_VERSION = 5.0;
			};
			name = Debug;
		};
		BCC5A45B279430F400407C8D /* Release */ = {
			isa = XCBuildConfiguration;
			buildSettings = {
				ASSETCATALOG_COMPILER_APPICON_NAME = AppIcon;
				ASSETCATALOG_COMPILER_GLOBAL_ACCENT_COLOR_NAME = AccentColor;
				CODE_SIGN_ENTITLEMENTS = macOS/macOS.entitlements;
				CODE_SIGN_STYLE = Automatic;
				COMBINE_HIDPI_IMAGES = YES;
				CURRENT_PROJECT_VERSION = 1;
				DEVELOPMENT_TEAM = VMXFN634RR;
				ENABLE_HARDENED_RUNTIME = YES;
				ENABLE_PREVIEWS = YES;
				GENERATE_INFOPLIST_FILE = YES;
				INFOPLIST_FILE = "Lucky-Shop--Info.plist";
				INFOPLIST_KEY_NSHumanReadableCopyright = "";
				LD_RUNPATH_SEARCH_PATHS = (
					"$(inherited)",
					"@executable_path/../Frameworks",
				);
				MACOSX_DEPLOYMENT_TARGET = 12.0;
				MARKETING_VERSION = 1.0;
				PRODUCT_BUNDLE_IDENTIFIER = "com.luckycart.Lucky-Shop";
				PRODUCT_NAME = "Lucky Shop";
				SDKROOT = macosx;
				SWIFT_EMIT_LOC_STRINGS = YES;
				SWIFT_VERSION = 5.0;
			};
			name = Release;
		};
		BCC5A45D279430F400407C8D /* Debug */ = {
			isa = XCBuildConfiguration;
			buildSettings = {
				ALWAYS_EMBED_SWIFT_STANDARD_LIBRARIES = YES;
				CODE_SIGN_STYLE = Automatic;
				CURRENT_PROJECT_VERSION = 1;
				DEVELOPMENT_TEAM = VMXFN634RR;
				GENERATE_INFOPLIST_FILE = YES;
				IPHONEOS_DEPLOYMENT_TARGET = 15.0;
				LD_RUNPATH_SEARCH_PATHS = (
					"$(inherited)",
					"@executable_path/Frameworks",
					"@loader_path/Frameworks",
				);
				MARKETING_VERSION = 1.0;
				PRODUCT_BUNDLE_IDENTIFIER = "com.luckycart.Tests-iOS";
				PRODUCT_NAME = "$(TARGET_NAME)";
				SDKROOT = iphoneos;
				SWIFT_EMIT_LOC_STRINGS = NO;
				SWIFT_VERSION = 5.0;
				TARGETED_DEVICE_FAMILY = "1,2";
				TEST_TARGET_NAME = "Lucky Shop (iOS)";
			};
			name = Debug;
		};
		BCC5A45E279430F400407C8D /* Release */ = {
			isa = XCBuildConfiguration;
			buildSettings = {
				ALWAYS_EMBED_SWIFT_STANDARD_LIBRARIES = YES;
				CODE_SIGN_STYLE = Automatic;
				CURRENT_PROJECT_VERSION = 1;
				DEVELOPMENT_TEAM = VMXFN634RR;
				GENERATE_INFOPLIST_FILE = YES;
				IPHONEOS_DEPLOYMENT_TARGET = 15.0;
				LD_RUNPATH_SEARCH_PATHS = (
					"$(inherited)",
					"@executable_path/Frameworks",
					"@loader_path/Frameworks",
				);
				MARKETING_VERSION = 1.0;
				PRODUCT_BUNDLE_IDENTIFIER = "com.luckycart.Tests-iOS";
				PRODUCT_NAME = "$(TARGET_NAME)";
				SDKROOT = iphoneos;
				SWIFT_EMIT_LOC_STRINGS = NO;
				SWIFT_VERSION = 5.0;
				TARGETED_DEVICE_FAMILY = "1,2";
				TEST_TARGET_NAME = "Lucky Shop (iOS)";
				VALIDATE_PRODUCT = YES;
			};
			name = Release;
		};
		BCC5A460279430F400407C8D /* Debug */ = {
			isa = XCBuildConfiguration;
			buildSettings = {
				ALWAYS_EMBED_SWIFT_STANDARD_LIBRARIES = YES;
				CODE_SIGN_STYLE = Automatic;
				COMBINE_HIDPI_IMAGES = YES;
				CURRENT_PROJECT_VERSION = 1;
				DEVELOPMENT_TEAM = VMXFN634RR;
				GENERATE_INFOPLIST_FILE = YES;
				LD_RUNPATH_SEARCH_PATHS = (
					"$(inherited)",
					"@executable_path/../Frameworks",
					"@loader_path/../Frameworks",
				);
				MACOSX_DEPLOYMENT_TARGET = 12.0;
				MARKETING_VERSION = 1.0;
				PRODUCT_BUNDLE_IDENTIFIER = "com.luckycart.Tests-macOS";
				PRODUCT_NAME = "$(TARGET_NAME)";
				SDKROOT = macosx;
				SWIFT_EMIT_LOC_STRINGS = NO;
				SWIFT_VERSION = 5.0;
				TEST_TARGET_NAME = "Lucky Shop (macOS)";
			};
			name = Debug;
		};
		BCC5A461279430F400407C8D /* Release */ = {
			isa = XCBuildConfiguration;
			buildSettings = {
				ALWAYS_EMBED_SWIFT_STANDARD_LIBRARIES = YES;
				CODE_SIGN_STYLE = Automatic;
				COMBINE_HIDPI_IMAGES = YES;
				CURRENT_PROJECT_VERSION = 1;
				DEVELOPMENT_TEAM = VMXFN634RR;
				GENERATE_INFOPLIST_FILE = YES;
				LD_RUNPATH_SEARCH_PATHS = (
					"$(inherited)",
					"@executable_path/../Frameworks",
					"@loader_path/../Frameworks",
				);
				MACOSX_DEPLOYMENT_TARGET = 12.0;
				MARKETING_VERSION = 1.0;
				PRODUCT_BUNDLE_IDENTIFIER = "com.luckycart.Tests-macOS";
				PRODUCT_NAME = "$(TARGET_NAME)";
				SDKROOT = macosx;
				SWIFT_EMIT_LOC_STRINGS = NO;
				SWIFT_VERSION = 5.0;
				TEST_TARGET_NAME = "Lucky Shop (macOS)";
			};
			name = Release;
		};
/* End XCBuildConfiguration section */

/* Begin XCConfigurationList section */
		BCC5A424279430F300407C8D /* Build configuration list for PBXProject "Lucky Shop" */ = {
			isa = XCConfigurationList;
			buildConfigurations = (
				BCC5A454279430F400407C8D /* Debug */,
				BCC5A455279430F400407C8D /* Release */,
			);
			defaultConfigurationIsVisible = 0;
			defaultConfigurationName = Release;
		};
		BCC5A456279430F400407C8D /* Build configuration list for PBXNativeTarget "Lucky Shop (iOS)" */ = {
			isa = XCConfigurationList;
			buildConfigurations = (
				BCC5A457279430F400407C8D /* Debug */,
				BCC5A458279430F400407C8D /* Release */,
			);
			defaultConfigurationIsVisible = 0;
			defaultConfigurationName = Release;
		};
		BCC5A459279430F400407C8D /* Build configuration list for PBXNativeTarget "Lucky Shop (macOS)" */ = {
			isa = XCConfigurationList;
			buildConfigurations = (
				BCC5A45A279430F400407C8D /* Debug */,
				BCC5A45B279430F400407C8D /* Release */,
			);
			defaultConfigurationIsVisible = 0;
			defaultConfigurationName = Release;
		};
		BCC5A45C279430F400407C8D /* Build configuration list for PBXNativeTarget "Tests iOS" */ = {
			isa = XCConfigurationList;
			buildConfigurations = (
				BCC5A45D279430F400407C8D /* Debug */,
				BCC5A45E279430F400407C8D /* Release */,
			);
			defaultConfigurationIsVisible = 0;
			defaultConfigurationName = Release;
		};
		BCC5A45F279430F400407C8D /* Build configuration list for PBXNativeTarget "Tests macOS" */ = {
			isa = XCConfigurationList;
			buildConfigurations = (
				BCC5A460279430F400407C8D /* Debug */,
				BCC5A461279430F400407C8D /* Release */,
			);
			defaultConfigurationIsVisible = 0;
			defaultConfigurationName = Release;
		};
/* End XCConfigurationList section */

/* Begin XCRemoteSwiftPackageReference section */
		BCC5A4682794405C00407C8D /* XCRemoteSwiftPackageReference "lucky-cart-ios" */ = {
			isa = XCRemoteSwiftPackageReference;
			repositoryURL = "git@github.com:lucky-cart/lucky-cart-ios.git";
			requirement = {
				branch = master;
				kind = branch;
			};
		};
/* End XCRemoteSwiftPackageReference section */

/* Begin XCSwiftPackageProductDependency section */
		BCCD68722796F4740053424E /* LuckyCart */ = {
			isa = XCSwiftPackageProductDependency;
			package = BCC5A4682794405C00407C8D /* XCRemoteSwiftPackageReference "lucky-cart-ios" */;
			productName = LuckyCart;
		};
		BCCD68742796F47F0053424E /* LuckyCart */ = {
			isa = XCSwiftPackageProductDependency;
			package = BCC5A4682794405C00407C8D /* XCRemoteSwiftPackageReference "lucky-cart-ios" */;
			productName = LuckyCart;
		};
/* End XCSwiftPackageProductDependency section */
	};
	rootObject = BCC5A421279430F300407C8D /* Project object */;
}
